
Microsoft Visual Studio Solution File, Format Version 12.00
# Visual Studio Version 17
VisualStudioVersion = 17.4.33213.308
MinimumVisualStudioVersion = 10.0.40219.1
Project("{FAE04EC0-301F-11D3-BF4B-00C04F79EFBC}") = "CarManagementApp", "CarManagementApp\CarManagementApp.csproj", "{1BD2DB03-1056-4AE2-803C-C52D7A497466}"
EndProject
Global
	GlobalSection(SolutionConfigurationPlatforms) = preSolution
		Debug|Any CPU = Debug|Any CPU
		Release|Any CPU = Release|Any CPU
	EndGlobalSection
	GlobalSection(ProjectConfigurationPlatforms) = postSolution
		{1BD2DB03-1056-4AE2-803C-C52D7A497466}.Debug|Any CPU.ActiveCfg = Debug|Any CPU
		{1BD2DB03-1056-4AE2-803C-C52D7A497466}.Debug|Any CPU.Build.0 = Debug|Any CPU
		{1BD2DB03-1056-4AE2-803C-C52D7A497466}.Release|Any CPU.ActiveCfg = Release|Any CPU
		{1BD2DB03-1056-4AE2-803C-C52D7A497466}.Release|Any CPU.Build.0 = Release|Any CPU
	EndGlobalSection
	GlobalSection(SolutionProperties) = preSolution
		HideSolutionNode = FALSE
	EndGlobalSection
	GlobalSection(ExtensibilityGlobals) = postSolution
		SolutionGuid = {5E953C3D-4F4A-47C1-B3F9-34355A83E372}
	EndGlobalSection
EndGlobal
